lockfileVersion: '9.0'

settings:
  autoInstallPeers: true
  excludeLinksFromLockfile: false

catalogs:
  default:
    '@types/node':
      specifier: ^24.3.0
      version: 24.13.3
    typescript:
      specifier: ^5.9.2
      version: 5.9.3

importers:

  .:
    devDependencies:
      '@types/node':
        specifier: ^24.3.0
        version: 24.13.3
      typescript:
        specifier: ^5.9.2
        version: 5.9.3

  apps/api:
    dependencies:
      '@release-guard/config':
        specifier: workspace:*
        version: link:../../packages/config
      '@release-guard/contracts':
        specifier: workspace:*
        version: link:../../packages/contracts
      '@release-guard/db':
        specifier: workspace:*
        version: link:../../packages/db
    devDependencies:
      '@types/node':
        specifier: 'catalog:'
        version: 24.13.3
      typescript:
        specifier: 'catalog:'
        version: 5.9.3

  apps/demo-app:
    dependencies:
      '@release-guard/config':
        specifier: workspace:*
        version: link:../../packages/config
      '@release-guard/contracts':
        specifier: workspace:*
        version: link:../../packages/contracts
    devDependencies:
      '@types/node':
        specifier: 'catalog:'
        version: 24.13.3
      typescript:
        specifier: 'catalog:'
        version: 5.9.3

  apps/worker:
    dependencies:
      '@release-guard/config':
        specifier: workspace:*
        version: link:../../packages/config
      '@release-guard/db':
        specifier: workspace:*
        version: link:../../packages/db
    devDependencies:
      '@types/node':
        specifier: 'catalog:'
        version: 24.13.3
      typescript:
        specifier: 'catalog:'
        version: 5.9.3

  packages/config:
    devDependencies:
      '@types/node':
        specifier: 'catalog:'
        version: 24.13.3
      typescript:
        specifier: 'catalog:'
        version: 5.9.3

  packages/contracts:
    devDependencies:
      '@types/node':
        specifier: 'catalog:'
        version: 24.13.3
      typescript:
        specifier: 'catalog:'
        version: 5.9.3

  packages/db:
    dependencies:
      '@release-guard/contracts':
        specifier: workspace:*
        version: link:../contracts
    devDependencies:
      '@types/node':
        specifier: 'catalog:'
        version: 24.13.3
      typescript:
        specifier: 'catalog:'
        version: 5.9.3

packages:

  '@types/node@24.13.3':
    resolution: {integrity: sha512-Dh8vAsV36ig5wa9OX4pXvMc9D3Veibfw2wix0CUwYODLD8nkj9UsLjASr49nPg+2eKzxhBV+v7L8pXvT4e639Q==}

  typescript@5.9.3:
    resolution: {integrity: sha512-jl1vZzPDinLr9eUt3J/t7V6FgNEw9QjvBPdysz9KfQDD41fQrC2Y4vKQdiaUpFT4bXlb1RHhLpp8wtm6M5TgSw==}
    engines: {node: '>=14.17'}
    hasBin: true

  undici-types@7.18.2:
    resolution: {integrity: sha512-AsuCzffGHJybSaRrmr5eHr81mwJU3kjw6M+uprWvCXiNeN9SOGwQ3Jn8jb8m3Z6izVgknn1R0FTCEAP2QrLY/w==}

snapshots:

  '@types/node@24.13.3':
    dependencies:
      undici-types: 7.18.2

  typescript@5.9.3: {}

  undici-types@7.18.2: {}
